
Microsoft Visual Studio Solution File, Format Version 12.00
# Visual Studio Version 16
VisualStudioVersion = 16.0.31321.278
MinimumVisualStudioVersion = 10.0.40219.1
Project("{9A19103F-16F7-4668-BE54-9A1E7A4F7556}") = "Day1", "Day1\Day1.csproj", "{91309732-0A98-4829-B245-E053427B8C6C}"
EndProject
Project("{9A19103F-16F7-4668-BE54-9A1E7A4F7556}") = "Day1Tests", "Day1Tests\Day1Tests.csproj", "{EC2751D4-6C81-4814-8769-4F9FDEE25FDB}"
EndProject
Project("{9A19103F-16F7-4668-BE54-9A1E7A4F7556}") = "Day2", "Day2\Day2.csproj", "{5105852E-69CB-4398-B135-A9E2993D79FE}"
EndProject
Project("{9A19103F-16F7-4668-BE54-9A1E7A4F7556}") = "Day2Tests", "Day2Tests\Day2Tests.csproj", "{2C55B1E0-B7AD-4014-A8E5-835494613FF8}"
EndProject
Project("{FAE04EC0-301F-11D3-BF4B-00C04F79EFBC}") = "Day3", "Day3\Day3.csproj", "{79A0AFB4-0D7A-42C8-A93F-532ABC3513A2}"
EndProject
Project("{FAE04EC0-301F-11D3-BF4B-00C04F79EFBC}") = "Day3Tests", "Day3Tests\Day3Tests.csproj", "{1E11BAA7-E6F6-434C-9B19-F903611B56A2}"
EndProject
Global
	GlobalSection(SolutionConfigurationPlatforms) = preSolution
		Debug|Any CPU = Debug|Any CPU
		Release|Any CPU = Release|Any CPU
	EndGlobalSection
	GlobalSection(ProjectConfigurationPlatforms) = postSolution
		{91309732-0A98-4829-B245-E053427B8C6C}.Debug|Any CPU.ActiveCfg = Debug|Any CPU
		{91309732-0A98-4829-B245-E053427B8C6C}.Debug|Any CPU.Build.0 = Debug|Any CPU
		{91309732-0A98-4829-B245-E053427B8C6C}.Release|Any CPU.ActiveCfg = Release|Any CPU
		{91309732-0A98-4829-B245-E053427B8C6C}.Release|Any CPU.Build.0 = Release|Any CPU
		{EC2751D4-6C81-4814-8769-4F9FDEE25FDB}.Debug|Any CPU.ActiveCfg = Debug|Any CPU
		{EC2751D4-6C81-4814-8769-4F9FDEE25FDB}.Debug|Any CPU.Build.0 = Debug|Any CPU
		{EC2751D4-6C81-4814-8769-4F9FDEE25FDB}.Release|Any CPU.ActiveCfg = Release|Any CPU
		{EC2751D4-6C81-4814-8769-4F9FDEE25FDB}.Release|Any CPU.Build.0 = Release|Any CPU
		{5105852E-69CB-4398-B135-A9E2993D79FE}.Debug|Any CPU.ActiveCfg = Debug|Any CPU
		{5105852E-69CB-4398-B135-A9E2993D79FE}.Debug|Any CPU.Build.0 = Debug|Any CPU
		{5105852E-69CB-4398-B135-A9E2993D79FE}.Release|Any CPU.ActiveCfg = Release|Any CPU
		{5105852E-69CB-4398-B135-A9E2993D79FE}.Release|Any CPU.Build.0 = Release|Any CPU
		{2C55B1E0-B7AD-4014-A8E5-835494613FF8}.Debug|Any CPU.ActiveCfg = Debug|Any CPU
		{2C55B1E0-B7AD-4014-A8E5-835494613FF8}.Debug|Any CPU.Build.0 = Debug|Any CPU
		{2C55B1E0-B7AD-4014-A8E5-835494613FF8}.Release|Any CPU.ActiveCfg = Release|Any CPU
		{2C55B1E0-B7AD-4014-A8E5-835494613FF8}.Release|Any CPU.Build.0 = Release|Any CPU
		{79A0AFB4-0D7A-42C8-A93F-532ABC3513A2}.Debug|Any CPU.ActiveCfg = Debug|Any CPU
		{79A0AFB4-0D7A-42C8-A93F-532ABC3513A2}.Debug|Any CPU.Build.0 = Debug|Any CPU
		{79A0AFB4-0D7A-42C8-A93F-532ABC3513A2}.Release|Any CPU.ActiveCfg = Release|Any CPU
		{79A0AFB4-0D7A-42C8-A93F-532ABC3513A2}.Release|Any CPU.Build.0 = Release|Any CPU
		{1E11BAA7-E6F6-434C-9B19-F903611B56A2}.Debug|Any CPU.ActiveCfg = Debug|Any CPU
		{1E11BAA7-E6F6-434C-9B19-F903611B56A2}.Debug|Any CPU.Build.0 = Debug|Any CPU
		{1E11BAA7-E6F6-434C-9B19-F903611B56A2}.Release|Any CPU.ActiveCfg = Release|Any CPU
		{1E11BAA7-E6F6-434C-9B19-F903611B56A2}.Release|Any CPU.Build.0 = Release|Any CPU
	EndGlobalSection
	GlobalSection(SolutionProperties) = preSolution
		HideSolutionNode = FALSE
	EndGlobalSection
	GlobalSection(ExtensibilityGlobals) = postSolution
		SolutionGuid = {346016C5-3A37-4AF7-A423-7BD232C10B17}
	EndGlobalSection
EndGlobal
