
Microsoft Visual Studio Solution File, Format Version 12.00
# Visual Studio Version 16
VisualStudioVersion = 16.0.31321.278
MinimumVisualStudioVersion = 10.0.40219.1
Project("{9A19103F-16F7-4668-BE54-9A1E7A4F7556}") = "Day1", "Day1\Day1.csproj", "{91309732-0A98-4829-B245-E053427B8C6C}"
EndProject
Project("{9A19103F-16F7-4668-BE54-9A1E7A4F7556}") = "Day1Tests", "Day1Tests\Day1Tests.csproj", "{EC2751D4-6C81-4814-8769-4F9FDEE25FDB}"
EndProject
Project("{9A19103F-16F7-4668-BE54-9A1E7A4F7556}") = "Day2", "Day2\Day2.csproj", "{5105852E-69CB-4398-B135-A9E2993D79FE}"
EndProject
Project("{9A19103F-16F7-4668-BE54-9A1E7A4F7556}") = "Day2Tests", "Day2Tests\Day2Tests.csproj", "{2C55B1E0-B7AD-4014-A8E5-835494613FF8}"
EndProject
Project("{9A19103F-16F7-4668-BE54-9A1E7A4F7556}") = "Day3", "Day3\Day3.csproj", "{79A0AFB4-0D7A-42C8-A93F-532ABC3513A2}"
EndProject
Project("{9A19103F-16F7-4668-BE54-9A1E7A4F7556}") = "Day3Tests", "Day3Tests\Day3Tests.csproj", "{1E11BAA7-E6F6-434C-9B19-F903611B56A2}"
EndProject
Project("{9A19103F-16F7-4668-BE54-9A1E7A4F7556}") = "Day4", "Day4\Day4.csproj", "{3AE976E6-1F89-483F-8FC1-EF5C56EEB40E}"
EndProject
Project("{9A19103F-16F7-4668-BE54-9A1E7A4F7556}") = "Day4Tests", "Day4Tests\Day4Tests.csproj", "{F2B4994E-4AFC-48F6-9133-36CA08C3D09C}"
EndProject
Project("{9A19103F-16F7-4668-BE54-9A1E7A4F7556}") = "Common", "Common\Common.csproj", "{3838E970-7997-485E-A87C-522586C48C72}"
EndProject
Project("{9A19103F-16F7-4668-BE54-9A1E7A4F7556}") = "Day5", "Day5\Day5.csproj", "{5D108021-F7F9-470A-B665-208BC94D7AF2}"
EndProject
Project("{9A19103F-16F7-4668-BE54-9A1E7A4F7556}") = "Day5Tests", "Day5Tests\Day5Tests.csproj", "{56427691-E367-4004-8821-5BEDFE8C6184}"
EndProject
Project("{FAE04EC0-301F-11D3-BF4B-00C04F79EFBC}") = "Day6Tests", "Day6Tests\Day6Tests.csproj", "{B3D190F1-A9FA-4D80-9073-A2A0AE12E20C}"
EndProject
Project("{FAE04EC0-301F-11D3-BF4B-00C04F79EFBC}") = "Day6", "Day6\Day6.csproj", "{1A80E718-1B47-4C50-B6FF-D958B44BD298}"
EndProject
Global
	GlobalSection(SolutionConfigurationPlatforms) = preSolution
		Debug|Any CPU = Debug|Any CPU
		Release|Any CPU = Release|Any CPU
	EndGlobalSection
	GlobalSection(ProjectConfigurationPlatforms) = postSolution
		{91309732-0A98-4829-B245-E053427B8C6C}.Debug|Any CPU.ActiveCfg = Debug|Any CPU
		{91309732-0A98-4829-B245-E053427B8C6C}.Debug|Any CPU.Build.0 = Debug|Any CPU
		{91309732-0A98-4829-B245-E053427B8C6C}.Release|Any CPU.ActiveCfg = Release|Any CPU
		{91309732-0A98-4829-B245-E053427B8C6C}.Release|Any CPU.Build.0 = Release|Any CPU
		{EC2751D4-6C81-4814-8769-4F9FDEE25FDB}.Debug|Any CPU.ActiveCfg = Debug|Any CPU
		{EC2751D4-6C81-4814-8769-4F9FDEE25FDB}.Debug|Any CPU.Build.0 = Debug|Any CPU
		{EC2751D4-6C81-4814-8769-4F9FDEE25FDB}.Release|Any CPU.ActiveCfg = Release|Any CPU
		{EC2751D4-6C81-4814-8769-4F9FDEE25FDB}.Release|Any CPU.Build.0 = Release|Any CPU
		{5105852E-69CB-4398-B135-A9E2993D79FE}.Debug|Any CPU.ActiveCfg = Debug|Any CPU
		{5105852E-69CB-4398-B135-A9E2993D79FE}.Debug|Any CPU.Build.0 = Debug|Any CPU
		{5105852E-69CB-4398-B135-A9E2993D79FE}.Release|Any CPU.ActiveCfg = Release|Any CPU
		{5105852E-69CB-4398-B135-A9E2993D79FE}.Release|Any CPU.Build.0 = Release|Any CPU
		{2C55B1E0-B7AD-4014-A8E5-835494613FF8}.Debug|Any CPU.ActiveCfg = Debug|Any CPU
		{2C55B1E0-B7AD-4014-A8E5-835494613FF8}.Debug|Any CPU.Build.0 = Debug|Any CPU
		{2C55B1E0-B7AD-4014-A8E5-835494613FF8}.Release|Any CPU.ActiveCfg = Release|Any CPU
		{2C55B1E0-B7AD-4014-A8E5-835494613FF8}.Release|Any CPU.Build.0 = Release|Any CPU
		{79A0AFB4-0D7A-42C8-A93F-532ABC3513A2}.Debug|Any CPU.ActiveCfg = Debug|Any CPU
		{79A0AFB4-0D7A-42C8-A93F-532ABC3513A2}.Debug|Any CPU.Build.0 = Debug|Any CPU
		{79A0AFB4-0D7A-42C8-A93F-532ABC3513A2}.Release|Any CPU.ActiveCfg = Release|Any CPU
		{79A0AFB4-0D7A-42C8-A93F-532ABC3513A2}.Release|Any CPU.Build.0 = Release|Any CPU
		{1E11BAA7-E6F6-434C-9B19-F903611B56A2}.Debug|Any CPU.ActiveCfg = Debug|Any CPU
		{1E11BAA7-E6F6-434C-9B19-F903611B56A2}.Debug|Any CPU.Build.0 = Debug|Any CPU
		{1E11BAA7-E6F6-434C-9B19-F903611B56A2}.Release|Any CPU.ActiveCfg = Release|Any CPU
		{1E11BAA7-E6F6-434C-9B19-F903611B56A2}.Release|Any CPU.Build.0 = Release|Any CPU
		{3AE976E6-1F89-483F-8FC1-EF5C56EEB40E}.Debug|Any CPU.ActiveCfg = Debug|Any CPU
		{3AE976E6-1F89-483F-8FC1-EF5C56EEB40E}.Debug|Any CPU.Build.0 = Debug|Any CPU
		{3AE976E6-1F89-483F-8FC1-EF5C56EEB40E}.Release|Any CPU.ActiveCfg = Release|Any CPU
		{3AE976E6-1F89-483F-8FC1-EF5C56EEB40E}.Release|Any CPU.Build.0 = Release|Any CPU
		{F2B4994E-4AFC-48F6-9133-36CA08C3D09C}.Debug|Any CPU.ActiveCfg = Debug|Any CPU
		{F2B4994E-4AFC-48F6-9133-36CA08C3D09C}.Debug|Any CPU.Build.0 = Debug|Any CPU
		{F2B4994E-4AFC-48F6-9133-36CA08C3D09C}.Release|Any CPU.ActiveCfg = Release|Any CPU
		{F2B4994E-4AFC-48F6-9133-36CA08C3D09C}.Release|Any CPU.Build.0 = Release|Any CPU
		{3838E970-7997-485E-A87C-522586C48C72}.Debug|Any CPU.ActiveCfg = Debug|Any CPU
		{3838E970-7997-485E-A87C-522586C48C72}.Debug|Any CPU.Build.0 = Debug|Any CPU
		{3838E970-7997-485E-A87C-522586C48C72}.Release|Any CPU.ActiveCfg = Release|Any CPU
		{3838E970-7997-485E-A87C-522586C48C72}.Release|Any CPU.Build.0 = Release|Any CPU
		{5D108021-F7F9-470A-B665-208BC94D7AF2}.Debug|Any CPU.ActiveCfg = Debug|Any CPU
		{5D108021-F7F9-470A-B665-208BC94D7AF2}.Debug|Any CPU.Build.0 = Debug|Any CPU
		{5D108021-F7F9-470A-B665-208BC94D7AF2}.Release|Any CPU.ActiveCfg = Release|Any CPU
		{5D108021-F7F9-470A-B665-208BC94D7AF2}.Release|Any CPU.Build.0 = Release|Any CPU
		{56427691-E367-4004-8821-5BEDFE8C6184}.Debug|Any CPU.ActiveCfg = Debug|Any CPU
		{56427691-E367-4004-8821-5BEDFE8C6184}.Debug|Any CPU.Build.0 = Debug|Any CPU
		{56427691-E367-4004-8821-5BEDFE8C6184}.Release|Any CPU.ActiveCfg = Release|Any CPU
		{56427691-E367-4004-8821-5BEDFE8C6184}.Release|Any CPU.Build.0 = Release|Any CPU
		{B3D190F1-A9FA-4D80-9073-A2A0AE12E20C}.Debug|Any CPU.ActiveCfg = Debug|Any CPU
		{B3D190F1-A9FA-4D80-9073-A2A0AE12E20C}.Debug|Any CPU.Build.0 = Debug|Any CPU
		{B3D190F1-A9FA-4D80-9073-A2A0AE12E20C}.Release|Any CPU.ActiveCfg = Release|Any CPU
		{B3D190F1-A9FA-4D80-9073-A2A0AE12E20C}.Release|Any CPU.Build.0 = Release|Any CPU
		{1A80E718-1B47-4C50-B6FF-D958B44BD298}.Debug|Any CPU.ActiveCfg = Debug|Any CPU
		{1A80E718-1B47-4C50-B6FF-D958B44BD298}.Debug|Any CPU.Build.0 = Debug|Any CPU
		{1A80E718-1B47-4C50-B6FF-D958B44BD298}.Release|Any CPU.ActiveCfg = Release|Any CPU
		{1A80E718-1B47-4C50-B6FF-D958B44BD298}.Release|Any CPU.Build.0 = Release|Any CPU
	EndGlobalSection
	GlobalSection(SolutionProperties) = preSolution
		HideSolutionNode = FALSE
	EndGlobalSection
	GlobalSection(ExtensibilityGlobals) = postSolution
		SolutionGuid = {346016C5-3A37-4AF7-A423-7BD232C10B17}
	EndGlobalSection
EndGlobal
