
Microsoft Visual Studio Solution File, Format Version 12.00
# Visual Studio Version 17
VisualStudioVersion = 17.4.33103.184
MinimumVisualStudioVersion = 10.0.40219.1
Project("{9A19103F-16F7-4668-BE54-9A1E7A4F7556}") = "Day1", "Day1\Day1.csproj", "{1EC35CCC-7349-4E4E-A551-9A6A2A344850}"
EndProject
Project("{9A19103F-16F7-4668-BE54-9A1E7A4F7556}") = "Day2", "Day2\Day2.csproj", "{C4EAFB2E-7DE4-468E-A7A8-DA7E0CBE2024}"
EndProject
Project("{9A19103F-16F7-4668-BE54-9A1E7A4F7556}") = "Day3", "Day3\Day3.csproj", "{5A7553AF-1997-4112-891F-DAED9A2771C4}"
EndProject
Project("{9A19103F-16F7-4668-BE54-9A1E7A4F7556}") = "Day4", "Day4\Day4.csproj", "{C9BA63B2-AFDD-49E8-AAF0-1E2909C0296B}"
EndProject
Project("{9A19103F-16F7-4668-BE54-9A1E7A4F7556}") = "Day5", "Day5\Day5.csproj", "{111351FD-B085-4DC4-9735-C7181D186637}"
EndProject
Project("{9A19103F-16F7-4668-BE54-9A1E7A4F7556}") = "Day6", "Day6\Day6.csproj", "{D0364BDA-0D68-4B40-8CE5-DF1E8BD9911D}"
EndProject
Project("{FAE04EC0-301F-11D3-BF4B-00C04F79EFBC}") = "Day7", "Day7\Day7.csproj", "{B7136DDF-880D-4241-8F36-22191D9CF115}"
EndProject
Project("{FAE04EC0-301F-11D3-BF4B-00C04F79EFBC}") = "Common", "Common\Common.csproj", "{6BE3D6E0-C6ED-4C1B-9D15-D8F24F4909DE}"
EndProject
Global
	GlobalSection(SolutionConfigurationPlatforms) = preSolution
		Debug|Any CPU = Debug|Any CPU
		Release|Any CPU = Release|Any CPU
	EndGlobalSection
	GlobalSection(ProjectConfigurationPlatforms) = postSolution
		{1EC35CCC-7349-4E4E-A551-9A6A2A344850}.Debug|Any CPU.ActiveCfg = Debug|Any CPU
		{1EC35CCC-7349-4E4E-A551-9A6A2A344850}.Debug|Any CPU.Build.0 = Debug|Any CPU
		{1EC35CCC-7349-4E4E-A551-9A6A2A344850}.Release|Any CPU.ActiveCfg = Release|Any CPU
		{1EC35CCC-7349-4E4E-A551-9A6A2A344850}.Release|Any CPU.Build.0 = Release|Any CPU
		{C4EAFB2E-7DE4-468E-A7A8-DA7E0CBE2024}.Debug|Any CPU.ActiveCfg = Debug|Any CPU
		{C4EAFB2E-7DE4-468E-A7A8-DA7E0CBE2024}.Debug|Any CPU.Build.0 = Debug|Any CPU
		{C4EAFB2E-7DE4-468E-A7A8-DA7E0CBE2024}.Release|Any CPU.ActiveCfg = Release|Any CPU
		{C4EAFB2E-7DE4-468E-A7A8-DA7E0CBE2024}.Release|Any CPU.Build.0 = Release|Any CPU
		{5A7553AF-1997-4112-891F-DAED9A2771C4}.Debug|Any CPU.ActiveCfg = Debug|Any CPU
		{5A7553AF-1997-4112-891F-DAED9A2771C4}.Debug|Any CPU.Build.0 = Debug|Any CPU
		{5A7553AF-1997-4112-891F-DAED9A2771C4}.Release|Any CPU.ActiveCfg = Release|Any CPU
		{5A7553AF-1997-4112-891F-DAED9A2771C4}.Release|Any CPU.Build.0 = Release|Any CPU
		{C9BA63B2-AFDD-49E8-AAF0-1E2909C0296B}.Debug|Any CPU.ActiveCfg = Debug|Any CPU
		{C9BA63B2-AFDD-49E8-AAF0-1E2909C0296B}.Debug|Any CPU.Build.0 = Debug|Any CPU
		{C9BA63B2-AFDD-49E8-AAF0-1E2909C0296B}.Release|Any CPU.ActiveCfg = Release|Any CPU
		{C9BA63B2-AFDD-49E8-AAF0-1E2909C0296B}.Release|Any CPU.Build.0 = Release|Any CPU
		{111351FD-B085-4DC4-9735-C7181D186637}.Debug|Any CPU.ActiveCfg = Debug|Any CPU
		{111351FD-B085-4DC4-9735-C7181D186637}.Debug|Any CPU.Build.0 = Debug|Any CPU
		{111351FD-B085-4DC4-9735-C7181D186637}.Release|Any CPU.ActiveCfg = Release|Any CPU
		{111351FD-B085-4DC4-9735-C7181D186637}.Release|Any CPU.Build.0 = Release|Any CPU
		{D0364BDA-0D68-4B40-8CE5-DF1E8BD9911D}.Debug|Any CPU.ActiveCfg = Debug|Any CPU
		{D0364BDA-0D68-4B40-8CE5-DF1E8BD9911D}.Debug|Any CPU.Build.0 = Debug|Any CPU
		{D0364BDA-0D68-4B40-8CE5-DF1E8BD9911D}.Release|Any CPU.ActiveCfg = Release|Any CPU
		{D0364BDA-0D68-4B40-8CE5-DF1E8BD9911D}.Release|Any CPU.Build.0 = Release|Any CPU
		{B7136DDF-880D-4241-8F36-22191D9CF115}.Debug|Any CPU.ActiveCfg = Debug|Any CPU
		{B7136DDF-880D-4241-8F36-22191D9CF115}.Debug|Any CPU.Build.0 = Debug|Any CPU
		{B7136DDF-880D-4241-8F36-22191D9CF115}.Release|Any CPU.ActiveCfg = Release|Any CPU
		{B7136DDF-880D-4241-8F36-22191D9CF115}.Release|Any CPU.Build.0 = Release|Any CPU
		{6BE3D6E0-C6ED-4C1B-9D15-D8F24F4909DE}.Debug|Any CPU.ActiveCfg = Debug|Any CPU
		{6BE3D6E0-C6ED-4C1B-9D15-D8F24F4909DE}.Debug|Any CPU.Build.0 = Debug|Any CPU
		{6BE3D6E0-C6ED-4C1B-9D15-D8F24F4909DE}.Release|Any CPU.ActiveCfg = Release|Any CPU
		{6BE3D6E0-C6ED-4C1B-9D15-D8F24F4909DE}.Release|Any CPU.Build.0 = Release|Any CPU
	EndGlobalSection
	GlobalSection(SolutionProperties) = preSolution
		HideSolutionNode = FALSE
	EndGlobalSection
	GlobalSection(ExtensibilityGlobals) = postSolution
		SolutionGuid = {F719BFA3-1114-4D49-9389-C72ED2DC0630}
	EndGlobalSection
EndGlobal
