
Microsoft Visual Studio Solution File, Format Version 12.00
# Visual Studio Version 17
VisualStudioVersion = 17.4.33103.184
MinimumVisualStudioVersion = 10.0.40219.1
Project("{9A19103F-16F7-4668-BE54-9A1E7A4F7556}") = "Day1", "Day1\Day1.csproj", "{1EC35CCC-7349-4E4E-A551-9A6A2A344850}"
EndProject
Project("{FAE04EC0-301F-11D3-BF4B-00C04F79EFBC}") = "Day2", "Day2\Day2.csproj", "{C4EAFB2E-7DE4-468E-A7A8-DA7E0CBE2024}"
EndProject
Project("{FAE04EC0-301F-11D3-BF4B-00C04F79EFBC}") = "Day3", "Day3\Day3.csproj", "{5A7553AF-1997-4112-891F-DAED9A2771C4}"
EndProject
Project("{FAE04EC0-301F-11D3-BF4B-00C04F79EFBC}") = "Day4", "Day4\Day4.csproj", "{C9BA63B2-AFDD-49E8-AAF0-1E2909C0296B}"
EndProject
Global
	GlobalSection(SolutionConfigurationPlatforms) = preSolution
		Debug|Any CPU = Debug|Any CPU
		Release|Any CPU = Release|Any CPU
	EndGlobalSection
	GlobalSection(ProjectConfigurationPlatforms) = postSolution
		{1EC35CCC-7349-4E4E-A551-9A6A2A344850}.Debug|Any CPU.ActiveCfg = Debug|Any CPU
		{1EC35CCC-7349-4E4E-A551-9A6A2A344850}.Debug|Any CPU.Build.0 = Debug|Any CPU
		{1EC35CCC-7349-4E4E-A551-9A6A2A344850}.Release|Any CPU.ActiveCfg = Release|Any CPU
		{1EC35CCC-7349-4E4E-A551-9A6A2A344850}.Release|Any CPU.Build.0 = Release|Any CPU
		{C4EAFB2E-7DE4-468E-A7A8-DA7E0CBE2024}.Debug|Any CPU.ActiveCfg = Debug|Any CPU
		{C4EAFB2E-7DE4-468E-A7A8-DA7E0CBE2024}.Debug|Any CPU.Build.0 = Debug|Any CPU
		{C4EAFB2E-7DE4-468E-A7A8-DA7E0CBE2024}.Release|Any CPU.ActiveCfg = Release|Any CPU
		{C4EAFB2E-7DE4-468E-A7A8-DA7E0CBE2024}.Release|Any CPU.Build.0 = Release|Any CPU
		{5A7553AF-1997-4112-891F-DAED9A2771C4}.Debug|Any CPU.ActiveCfg = Debug|Any CPU
		{5A7553AF-1997-4112-891F-DAED9A2771C4}.Debug|Any CPU.Build.0 = Debug|Any CPU
		{5A7553AF-1997-4112-891F-DAED9A2771C4}.Release|Any CPU.ActiveCfg = Release|Any CPU
		{5A7553AF-1997-4112-891F-DAED9A2771C4}.Release|Any CPU.Build.0 = Release|Any CPU
		{C9BA63B2-AFDD-49E8-AAF0-1E2909C0296B}.Debug|Any CPU.ActiveCfg = Debug|Any CPU
		{C9BA63B2-AFDD-49E8-AAF0-1E2909C0296B}.Debug|Any CPU.Build.0 = Debug|Any CPU
		{C9BA63B2-AFDD-49E8-AAF0-1E2909C0296B}.Release|Any CPU.ActiveCfg = Release|Any CPU
		{C9BA63B2-AFDD-49E8-AAF0-1E2909C0296B}.Release|Any CPU.Build.0 = Release|Any CPU
	EndGlobalSection
	GlobalSection(SolutionProperties) = preSolution
		HideSolutionNode = FALSE
	EndGlobalSection
	GlobalSection(ExtensibilityGlobals) = postSolution
		SolutionGuid = {F719BFA3-1114-4D49-9389-C72ED2DC0630}
	EndGlobalSection
EndGlobal
